// !$*UTF8*$!
{
	archiveVersion = 1;
	classes = {
	};
	objectVersion = 55;
	objects = {

/* Begin PBXBuildFile section */
		ABA3255C28971B6A000058CB /* AppDelegate.swift in Sources */ = {isa = PBXBuildFile; fileRef = ABA3255B28971B6A000058CB /* AppDelegate.swift */; };
		ABA3255E28971B6A000058CB /* SceneDelegate.swift in Sources */ = {isa = PBXBuildFile; fileRef = ABA3255D28971B6A000058CB /* SceneDelegate.swift */; };
		ABA3256028971B6A000058CB /* ViewController.swift in Sources */ = {isa = PBXBuildFile; fileRef = ABA3255F28971B6A000058CB /* ViewController.swift */; };
		ABA3256328971B6A000058CB /* Main.storyboard in Resources */ = {isa = PBXBuildFile; fileRef = ABA3256128971B6A000058CB /* Main.storyboard */; };
		ABA3256528971B6B000058CB /* Assets.xcassets in Resources */ = {isa = PBXBuildFile; fileRef = ABA3256428971B6B000058CB /* Assets.xcassets */; };
		ABA3256828971B6B000058CB /* LaunchScreen.storyboard in Resources */ = {isa = PBXBuildFile; fileRef = ABA3256628971B6B000058CB /* LaunchScreen.storyboard */; };
		ABA3257328971B6B000058CB /* RGB_ConverterTests.swift in Sources */ = {isa = PBXBuildFile; fileRef = ABA3257228971B6B000058CB /* RGB_ConverterTests.swift */; };
		ABA3257D28971B6B000058CB /* RGB_ConverterUITests.swift in Sources */ = {isa = PBXBuildFile; fileRef = ABA3257C28971B6B000058CB /* RGB_ConverterUITests.swift */; };
		ABA3257F28971B6B000058CB /* RGB_ConverterUITestsLaunchTests.swift in Sources */ = {isa = PBXBuildFile; fileRef = ABA3257E28971B6B000058CB /* RGB_ConverterUITestsLaunchTests.swift */; };
/* End PBXBuildFile section */

/* Begin PBXContainerItemProxy section */
		ABA3256F28971B6B000058CB /* PBXContainerItemProxy */ = {
			isa = PBXContainerItemProxy;
			containerPortal = ABA3255028971B6A000058CB /* Project object */;
			proxyType = 1;
			remoteGlobalIDString = ABA3255728971B6A000058CB;
			remoteInfo = "RGB-Converter";
		};
		ABA3257928971B6B000058CB /* PBXContainerItemProxy */ = {
			isa = PBXContainerItemProxy;
			containerPortal = ABA3255028971B6A000058CB /* Project object */;
			proxyType = 1;
			remoteGlobalIDString = ABA3255728971B6A000058CB;
			remoteInfo = "RGB-Converter";
		};
/* End PBXContainerItemProxy section */

/* Begin PBXFileReference section */
		ABA3255828971B6A000058CB /* RGB-Converter.app */ = {isa = PBXFileReference; explicitFileType = wrapper.application; includeInIndex = 0; path = "RGB-Converter.app"; sourceTree = BUILT_PRODUCTS_DIR; };
		ABA3255B28971B6A000058CB /* AppDelegate.swift */ = {isa = PBXFileReference; lastKnownFileType = sourcecode.swift; path = AppDelegate.swift; sourceTree = "<group>"; };
		ABA3255D28971B6A000058CB /* SceneDelegate.swift */ = {isa = PBXFileReference; lastKnownFileType = sourcecode.swift; path = SceneDelegate.swift; sourceTree = "<group>"; };
		ABA3255F28971B6A000058CB /* ViewController.swift */ = {isa = PBXFileReference; lastKnownFileType = sourcecode.swift; path = ViewController.swift; sourceTree = "<group>"; };
		ABA3256228971B6A000058CB /* Base */ = {isa = PBXFileReference; lastKnownFileType = file.storyboard; name = Base; path = Base.lproj/Main.storyboard; sourceTree = "<group>"; };
		ABA3256428971B6B000058CB /* Assets.xcassets */ = {isa = PBXFileReference; lastKnownFileType = folder.assetcatalog; path = Assets.xcassets; sourceTree = "<group>"; };
		ABA3256728971B6B000058CB /* Base */ = {isa = PBXFileReference; lastKnownFileType = file.storyboard; name = Base; path = Base.lproj/LaunchScreen.storyboard; sourceTree = "<group>"; };
		ABA3256928971B6B000058CB /* Info.plist */ = {isa = PBXFileReference; lastKnownFileType = text.plist.xml; path = Info.plist; sourceTree = "<group>"; };
		ABA3256E28971B6B000058CB /* RGB-ConverterTests.xctest */ = {isa = PBXFileReference; explicitFileType = wrapper.cfbundle; includeInIndex = 0; path = "RGB-ConverterTests.xctest"; sourceTree = BUILT_PRODUCTS_DIR; };
		ABA3257228971B6B000058CB /* RGB_ConverterTests.swift */ = {isa = PBXFileReference; lastKnownFileType = sourcecode.swift; path = RGB_ConverterTests.swift; sourceTree = "<group>"; };
		ABA3257828971B6B000058CB /* RGB-ConverterUITests.xctest */ = {isa = PBXFileReference; explicitFileType = wrapper.cfbundle; includeInIndex = 0; path = "RGB-ConverterUITests.xctest"; sourceTree = BUILT_PRODUCTS_DIR; };
		ABA3257C28971B6B000058CB /* RGB_ConverterUITests.swift */ = {isa = PBXFileReference; lastKnownFileType = sourcecode.swift; path = RGB_ConverterUITests.swift; sourceTree = "<group>"; };
		ABA3257E28971B6B000058CB /* RGB_ConverterUITestsLaunchTests.swift */ = {isa = PBXFileReference; lastKnownFileType = sourcecode.swift; path = RGB_ConverterUITestsLaunchTests.swift; sourceTree = "<group>"; };
/* End PBXFileReference section */

/* Begin PBXFrameworksBuildPhase section */
		ABA3255528971B6A000058CB /* Frameworks */ = {
			isa = PBXFrameworksBuildPhase;
			buildActionMask = 2147483647;
			files = (
			);
			runOnlyForDeploymentPostprocessing = 0;
		};
		ABA3256B28971B6B000058CB /* Frameworks */ = {
			isa = PBXFrameworksBuildPhase;
			buildActionMask = 2147483647;
			files = (
			);
			runOnlyForDeploymentPostprocessing = 0;
		};
		ABA3257528971B6B000058CB /* Frameworks */ = {
			isa = PBXFrameworksBuildPhase;
			buildActionMask = 2147483647;
			files = (
			);
			runOnlyForDeploymentPostprocessing = 0;
		};
/* End PBXFrameworksBuildPhase section */

/* Begin PBXGroup section */
		ABA3254F28971B6A000058CB = {
			isa = PBXGroup;
			children = (
				ABA3255A28971B6A000058CB /* RGB-Converter */,
				ABA3257128971B6B000058CB /* RGB-ConverterTests */,
				ABA3257B28971B6B000058CB /* RGB-ConverterUITests */,
				ABA3255928971B6A000058CB /* Products */,
			);
			sourceTree = "<group>";
		};
		ABA3255928971B6A000058CB /* Products */ = {
			isa = PBXGroup;
			children = (
				ABA3255828971B6A000058CB /* RGB-Converter.app */,
				ABA3256E28971B6B000058CB /* RGB-ConverterTests.xctest */,
				ABA3257828971B6B000058CB /* RGB-ConverterUITests.xctest */,
			);
			name = Products;
			sourceTree = "<group>";
		};
		ABA3255A28971B6A000058CB /* RGB-Converter */ = {
			isa = PBXGroup;
			children = (
				ABA3255B28971B6A000058CB /* AppDelegate.swift */,
				ABA3255D28971B6A000058CB /* SceneDelegate.swift */,
				ABA3255F28971B6A000058CB /* ViewController.swift */,
				ABA3256128971B6A000058CB /* Main.storyboard */,
				ABA3256428971B6B000058CB /* Assets.xcassets */,
				ABA3256628971B6B000058CB /* LaunchScreen.storyboard */,
				ABA3256928971B6B000058CB /* Info.plist */,
			);
			path = "RGB-Converter";
			sourceTree = "<group>";
		};
		ABA3257128971B6B000058CB /* RGB-ConverterTests */ = {
			isa = PBXGroup;
			children = (
				ABA3257228971B6B000058CB /* RGB_ConverterTests.swift */,
			);
			path = "RGB-ConverterTests";
			sourceTree = "<group>";
		};
		ABA3257B28971B6B000058CB /* RGB-ConverterUITests */ = {
			isa = PBXGroup;
			children = (
				ABA3257C28971B6B000058CB /* RGB_ConverterUITests.swift */,
				ABA3257E28971B6B000058CB /* RGB_ConverterUITestsLaunchTests.swift */,
			);
			path = "RGB-ConverterUITests";
			sourceTree = "<group>";
		};
/* End PBXGroup section */

/* Begin PBXNativeTarget section */
		ABA3255728971B6A000058CB /* RGB-Converter */ = {
			isa = PBXNativeTarget;
			buildConfigurationList = ABA3258228971B6B000058CB /* Build configuration list for PBXNativeTarget "RGB-Converter" */;
			buildPhases = (
				ABA3255428971B6A000058CB /* Sources */,
				ABA3255528971B6A000058CB /* Frameworks */,
				ABA3255628971B6A000058CB /* Resources */,
			);
			buildRules = (
			);
			dependencies = (
			);
			name = "RGB-Converter";
			productName = "RGB-Converter";
			productReference = ABA3255828971B6A000058CB /* RGB-Converter.app */;
			productType = "com.apple.product-type.application";
		};
		ABA3256D28971B6B000058CB /* RGB-ConverterTests */ = {
			isa = PBXNativeTarget;
			buildConfigurationList = ABA3258528971B6B000058CB /* Build configuration list for PBXNativeTarget "RGB-ConverterTests" */;
			buildPhases = (
				ABA3256A28971B6B000058CB /* Sources */,
				ABA3256B28971B6B000058CB /* Frameworks */,
				ABA3256C28971B6B000058CB /* Resources */,
			);
			buildRules = (
			);
			dependencies = (
				ABA3257028971B6B000058CB /* PBXTargetDependency */,
			);
			name = "RGB-ConverterTests";
			productName = "RGB-ConverterTests";
			productReference = ABA3256E28971B6B000058CB /* RGB-ConverterTests.xctest */;
			productType = "com.apple.product-type.bundle.unit-test";
		};
		ABA3257728971B6B000058CB /* RGB-ConverterUITests */ = {
			isa = PBXNativeTarget;
			buildConfigurationList = ABA3258828971B6B000058CB /* Build configuration list for PBXNativeTarget "RGB-ConverterUITests" */;
			buildPhases = (
				ABA3257428971B6B000058CB /* Sources */,
				ABA3257528971B6B000058CB /* Frameworks */,
				ABA3257628971B6B000058CB /* Resources */,
			);
			buildRules = (
			);
			dependencies = (
				ABA3257A28971B6B000058CB /* PBXTargetDependency */,
			);
			name = "RGB-ConverterUITests";
			productName = "RGB-ConverterUITests";
			productReference = ABA3257828971B6B000058CB /* RGB-ConverterUITests.xctest */;
			productType = "com.apple.product-type.bundle.ui-testing";
		};
/* End PBXNativeTarget section */

/* Begin PBXProject section */
		ABA3255028971B6A000058CB /* Project object */ = {
			isa = PBXProject;
			attributes = {
				BuildIndependentTargetsInParallel = 1;
				LastSwiftUpdateCheck = 1340;
				LastUpgradeCheck = 1340;
				TargetAttributes = {
					ABA3255728971B6A000058CB = {
						CreatedOnToolsVersion = 13.4.1;
					};
					ABA3256D28971B6B000058CB = {
						CreatedOnToolsVersion = 13.4.1;
						TestTargetID = ABA3255728971B6A000058CB;
					};
					ABA3257728971B6B000058CB = {
						CreatedOnToolsVersion = 13.4.1;
						TestTargetID = ABA3255728971B6A000058CB;
					};
				};
			};
			buildConfigurationList = ABA3255328971B6A000058CB /* Build configuration list for PBXProject "RGB-Converter" */;
			compatibilityVersion = "Xcode 13.0";
			developmentRegion = en;
			hasScannedForEncodings = 0;
			knownRegions = (
				en,
				Base,
			);
			mainGroup = ABA3254F28971B6A000058CB;
			productRefGroup = ABA3255928971B6A000058CB /* Products */;
			projectDirPath = "";
			projectRoot = "";
			targets = (
				ABA3255728971B6A000058CB /* RGB-Converter */,
				ABA3256D28971B6B000058CB /* RGB-ConverterTests */,
				ABA3257728971B6B000058CB /* RGB-ConverterUITests */,
			);
		};
/* End PBXProject section */

/* Begin PBXResourcesBuildPhase section */
		ABA3255628971B6A000058CB /* Resources */ = {
			isa = PBXResourcesBuildPhase;
			buildActionMask = 2147483647;
			files = (
				ABA3256828971B6B000058CB /* LaunchScreen.storyboard in Resources */,
				ABA3256528971B6B000058CB /* Assets.xcassets in Resources */,
				ABA3256328971B6A000058CB /* Main.storyboard in Resources */,
			);
			runOnlyForDeploymentPostprocessing = 0;
		};
		ABA3256C28971B6B000058CB /* Resources */ = {
			isa = PBXResourcesBuildPhase;
			buildActionMask = 2147483647;
			files = (
			);
			runOnlyForDeploymentPostprocessing = 0;
		};
		ABA3257628971B6B000058CB /* Resources */ = {
			isa = PBXResourcesBuildPhase;
			buildActionMask = 2147483647;
			files = (
			);
			runOnlyForDeploymentPostprocessing = 0;
		};
/* End PBXResourcesBuildPhase section */

/* Begin PBXSourcesBuildPhase section */
		ABA3255428971B6A000058CB /* Sources */ = {
			isa = PBXSourcesBuildPhase;
			buildActionMask = 2147483647;
			files = (
				ABA3256028971B6A000058CB /* ViewController.swift in Sources */,
				ABA3255C28971B6A000058CB /* AppDelegate.swift in Sources */,
				ABA3255E28971B6A000058CB /* SceneDelegate.swift in Sources */,
			);
			runOnlyForDeploymentPostprocessing = 0;
		};
		ABA3256A28971B6B000058CB /* Sources */ = {
			isa = PBXSourcesBuildPhase;
			buildActionMask = 2147483647;
			files = (
				ABA3257328971B6B000058CB /* RGB_ConverterTests.swift in Sources */,
			);
			runOnlyForDeploymentPostprocessing = 0;
		};
		ABA3257428971B6B000058CB /* Sources */ = {
			isa = PBXSourcesBuildPhase;
			buildActionMask = 2147483647;
			files = (
				ABA3257D28971B6B000058CB /* RGB_ConverterUITests.swift in Sources */,
				ABA3257F28971B6B000058CB /* RGB_ConverterUITestsLaunchTests.swift in Sources */,
			);
			runOnlyForDeploymentPostprocessing = 0;
		};
/* End PBXSourcesBuildPhase section */

/* Begin PBXTargetDependency section */
		ABA3257028971B6B000058CB /* PBXTargetDependency */ = {
			isa = PBXTargetDependency;
			target = ABA3255728971B6A000058CB /* RGB-Converter */;
			targetProxy = ABA3256F28971B6B000058CB /* PBXContainerItemProxy */;
		};
		ABA3257A28971B6B000058CB /* PBXTargetDependency */ = {
			isa = PBXTargetDependency;
			target = ABA3255728971B6A000058CB /* RGB-Converter */;
			targetProxy = ABA3257928971B6B000058CB /* PBXContainerItemProxy */;
		};
/* End PBXTargetDependency section */

/* Begin PBXVariantGroup section */
		ABA3256128971B6A000058CB /* Main.storyboard */ = {
			isa = PBXVariantGroup;
			children = (
				ABA3256228971B6A000058CB /* Base */,
			);
			name = Main.storyboard;
			sourceTree = "<group>";
		};
		ABA3256628971B6B000058CB /* LaunchScreen.storyboard */ = {
			isa = PBXVariantGroup;
			children = (
				ABA3256728971B6B000058CB /* Base */,
			);
			name = LaunchScreen.storyboard;
			sourceTree = "<group>";
		};
/* End PBXVariantGroup section */

/* Begin XCBuildConfiguration section */
		ABA3258028971B6B000058CB /* Debug */ = {
			isa = XCBuildConfiguration;
			buildSettings = {
				ALWAYS_SEARCH_USER_PATHS = NO;
				CLANG_ANALYZER_NONNULL = YES;
				CLANG_ANALYZER_NUMBER_OBJECT_CONVERSION = YES_AGGRESSIVE;
				CLANG_CXX_LANGUAGE_STANDARD = "gnu++17";
				CLANG_ENABLE_MODULES = YES;
				CLANG_ENABLE_OBJC_ARC = YES;
				CLANG_ENABLE_OBJC_WEAK = YES;
				CLANG_WARN_BLOCK_CAPTURE_AUTORELEASING = YES;
				CLANG_WARN_BOOL_CONVERSION = YES;
				CLANG_WARN_COMMA = YES;
				CLANG_WARN_CONSTANT_CONVERSION = YES;
				CLANG_WARN_DEPRECATED_OBJC_IMPLEMENTATIONS = YES;
				CLANG_WARN_DIRECT_OBJC_ISA_USAGE = YES_ERROR;
				CLANG_WARN_DOCUMENTATION_COMMENTS = YES;
				CLANG_WARN_EMPTY_BODY = YES;
				CLANG_WARN_ENUM_CONVERSION = YES;
				CLANG_WARN_INFINITE_RECURSION = YES;
				CLANG_WARN_INT_CONVERSION = YES;
				CLANG_WARN_NON_LITERAL_NULL_CONVERSION = YES;
				CLANG_WARN_OBJC_IMPLICIT_RETAIN_SELF = YES;
				CLANG_WARN_OBJC_LITERAL_CONVERSION = YES;
				CLANG_WARN_OBJC_ROOT_CLASS = YES_ERROR;
				CLANG_WARN_QUOTED_INCLUDE_IN_FRAMEWORK_HEADER = YES;
				CLANG_WARN_RANGE_LOOP_ANALYSIS = YES;
				CLANG_WARN_STRICT_PROTOTYPES = YES;
				CLANG_WARN_SUSPICIOUS_MOVE = YES;
				CLANG_WARN_UNGUARDED_AVAILABILITY = YES_AGGRESSIVE;
				CLANG_WARN_UNREACHABLE_CODE = YES;
				CLANG_WARN__DUPLICATE_METHOD_MATCH = YES;
				COPY_PHASE_STRIP = NO;
				DEBUG_INFORMATION_FORMAT = dwarf;
				ENABLE_STRICT_OBJC_MSGSEND = YES;
				ENABLE_TESTABILITY = YES;
				GCC_C_LANGUAGE_STANDARD = gnu11;
				GCC_DYNAMIC_NO_PIC = NO;
				GCC_NO_COMMON_BLOCKS = YES;
				GCC_OPTIMIZATION_LEVEL = 0;
				GCC_PREPROCESSOR_DEFINITIONS = (
					"DEBUG=1",
					"$(inherited)",
				);
				GCC_WARN_64_TO_32_BIT_CONVERSION = YES;
				GCC_WARN_ABOUT_RETURN_TYPE = YES_ERROR;
				GCC_WARN_UNDECLARED_SELECTOR = YES;
				GCC_WARN_UNINITIALIZED_AUTOS = YES_AGGRESSIVE;
				GCC_WARN_UNUSED_FUNCTION = YES;
				GCC_WARN_UNUSED_VARIABLE = YES;
				IPHONEOS_DEPLOYMENT_TARGET = 15.5;
				MTL_ENABLE_DEBUG_INFO = INCLUDE_SOURCE;
				MTL_FAST_MATH = YES;
				ONLY_ACTIVE_ARCH = YES;
				SDKROOT = iphoneos;
				SWIFT_ACTIVE_COMPILATION_CONDITIONS = DEBUG;
				SWIFT_OPTIMIZATION_LEVEL = "-Onone";
			};
			name = Debug;
		};
		ABA3258128971B6B000058CB /* Release */ = {
			isa = XCBuildConfiguration;
			buildSettings = {
				ALWAYS_SEARCH_USER_PATHS = NO;
				CLANG_ANALYZER_NONNULL = YES;
				CLANG_ANALYZER_NUMBER_OBJECT_CONVERSION = YES_AGGRESSIVE;
				CLANG_CXX_LANGUAGE_STANDARD = "gnu++17";
				CLANG_ENABLE_MODULES = YES;
				CLANG_ENABLE_OBJC_ARC = YES;
				CLANG_ENABLE_OBJC_WEAK = YES;
				CLANG_WARN_BLOCK_CAPTURE_AUTORELEASING = YES;
				CLANG_WARN_BOOL_CONVERSION = YES;
				CLANG_WARN_COMMA = YES;
				CLANG_WARN_CONSTANT_CONVERSION = YES;
				CLANG_WARN_DEPRECATED_OBJC_IMPLEMENTATIONS = YES;
				CLANG_WARN_DIRECT_OBJC_ISA_USAGE = YES_ERROR;
				CLANG_WARN_DOCUMENTATION_COMMENTS = YES;
				CLANG_WARN_EMPTY_BODY = YES;
				CLANG_WARN_ENUM_CONVERSION = YES;
				CLANG_WARN_INFINITE_RECURSION = YES;
				CLANG_WARN_INT_CONVERSION = YES;
				CLANG_WARN_NON_LITERAL_NULL_CONVERSION = YES;
				CLANG_WARN_OBJC_IMPLICIT_RETAIN_SELF = YES;
				CLANG_WARN_OBJC_LITERAL_CONVERSION = YES;
				CLANG_WARN_OBJC_ROOT_CLASS = YES_ERROR;
				CLANG_WARN_QUOTED_INCLUDE_IN_FRAMEWORK_HEADER = YES;
				CLANG_WARN_RANGE_LOOP_ANALYSIS = YES;
				CLANG_WARN_STRICT_PROTOTYPES = YES;
				CLANG_WARN_SUSPICIOUS_MOVE = YES;
				CLANG_WARN_UNGUARDED_AVAILABILITY = YES_AGGRESSIVE;
				CLANG_WARN_UNREACHABLE_CODE = YES;
				CLANG_WARN__DUPLICATE_METHOD_MATCH = YES;
				COPY_PHASE_STRIP = NO;
				DEBUG_INFORMATION_FORMAT = "dwarf-with-dsym";
				ENABLE_NS_ASSERTIONS = NO;
				ENABLE_STRICT_OBJC_MSGSEND = YES;
				GCC_C_LANGUAGE_STANDARD = gnu11;
				GCC_NO_COMMON_BLOCKS = YES;
				GCC_WARN_64_TO_32_BIT_CONVERSION = YES;
				GCC_WARN_ABOUT_RETURN_TYPE = YES_ERROR;
				GCC_WARN_UNDECLARED_SELECTOR = YES;
				GCC_WARN_UNINITIALIZED_AUTOS = YES_AGGRESSIVE;
				GCC_WARN_UNUSED_FUNCTION = YES;
				GCC_WARN_UNUSED_VARIABLE = YES;
				IPHONEOS_DEPLOYMENT_TARGET = 15.5;
				MTL_ENABLE_DEBUG_INFO = NO;
				MTL_FAST_MATH = YES;
				SDKROOT = iphoneos;
				SWIFT_COMPILATION_MODE = wholemodule;
				SWIFT_OPTIMIZATION_LEVEL = "-O";
				VALIDATE_PRODUCT = YES;
			};
			name = Release;
		};
		ABA3258328971B6B000058CB /* Debug */ = {
			isa = XCBuildConfiguration;
			buildSettings = {
				ASSETCATALOG_COMPILER_APPICON_NAME = AppIcon;
				ASSETCATALOG_COMPILER_GLOBAL_ACCENT_COLOR_NAME = AccentColor;
				CODE_SIGN_STYLE = Automatic;
				CURRENT_PROJECT_VERSION = 1;
				GENERATE_INFOPLIST_FILE = YES;
				INFOPLIST_FILE = "RGB-Converter/Info.plist";
				INFOPLIST_KEY_UIApplicationSupportsIndirectInputEvents = YES;
				INFOPLIST_KEY_UILaunchStoryboardName = LaunchScreen;
				INFOPLIST_KEY_UIMainStoryboardFile = Main;
				INFOPLIST_KEY_UISupportedInterfaceOrientations_iPad = "UIInterfaceOrientationPortrait UIInterfaceOrientationPortraitUpsideDown UIInterfaceOrientationLandscapeLeft UIInterfaceOrientationLandscapeRight";
				INFOPLIST_KEY_UISupportedInterfaceOrientations_iPhone = "UIInterfaceOrientationPortrait UIInterfaceOrientationLandscapeLeft UIInterfaceOrientationLandscapeRight";
				LD_RUNPATH_SEARCH_PATHS = (
					"$(inherited)",
					"@executable_path/Frameworks",
				);
				MARKETING_VERSION = 1.0;
				PRODUCT_BUNDLE_IDENTIFIER = "asimcanyagiz.RGB-Converter";
				PRODUCT_NAME = "$(TARGET_NAME)";
				SWIFT_EMIT_LOC_STRINGS = YES;
				SWIFT_VERSION = 5.0;
				TARGETED_DEVICE_FAMILY = "1,2";
			};
			name = Debug;
		};
		ABA3258428971B6B000058CB /* Release */ = {
			isa = XCBuildConfiguration;
			buildSettings = {
				ASSETCATALOG_COMPILER_APPICON_NAME = AppIcon;
				ASSETCATALOG_COMPILER_GLOBAL_ACCENT_COLOR_NAME = AccentColor;
				CODE_SIGN_STYLE = Automatic;
				CURRENT_PROJECT_VERSION = 1;
				GENERATE_INFOPLIST_FILE = YES;
				INFOPLIST_FILE = "RGB-Converter/Info.plist";
				INFOPLIST_KEY_UIApplicationSupportsIndirectInputEvents = YES;
				INFOPLIST_KEY_UILaunchStoryboardName = LaunchScreen;
				INFOPLIST_KEY_UIMainStoryboardFile = Main;
				INFOPLIST_KEY_UISupportedInterfaceOrientations_iPad = "UIInterfaceOrientationPortrait UIInterfaceOrientationPortraitUpsideDown UIInterfaceOrientationLandscapeLeft UIInterfaceOrientationLandscapeRight";
				INFOPLIST_KEY_UISupportedInterfaceOrientations_iPhone = "UIInterfaceOrientationPortrait UIInterfaceOrientationLandscapeLeft UIInterfaceOrientationLandscapeRight";
				LD_RUNPATH_SEARCH_PATHS = (
					"$(inherited)",
					"@executable_path/Frameworks",
				);
				MARKETING_VERSION = 1.0;
				PRODUCT_BUNDLE_IDENTIFIER = "asimcanyagiz.RGB-Converter";
				PRODUCT_NAME = "$(TARGET_NAME)";
				SWIFT_EMIT_LOC_STRINGS = YES;
				SWIFT_VERSION = 5.0;
				TARGETED_DEVICE_FAMILY = "1,2";
			};
			name = Release;
		};
		ABA3258628971B6B000058CB /* Debug */ = {
			isa = XCBuildConfiguration;
			buildSettings = {
				ALWAYS_EMBED_SWIFT_STANDARD_LIBRARIES = YES;
				BUNDLE_LOADER = "$(TEST_HOST)";
				CODE_SIGN_STYLE = Automatic;
				CURRENT_PROJECT_VERSION = 1;
				GENERATE_INFOPLIST_FILE = YES;
				IPHONEOS_DEPLOYMENT_TARGET = 15.5;
				MARKETING_VERSION = 1.0;
				PRODUCT_BUNDLE_IDENTIFIER = "asimcanyagiz.RGB-ConverterTests";
				PRODUCT_NAME = "$(TARGET_NAME)";
				SWIFT_EMIT_LOC_STRINGS = NO;
				SWIFT_VERSION = 5.0;
				TARGETED_DEVICE_FAMILY = "1,2";
				TEST_HOST = "$(BUILT_PRODUCTS_DIR)/RGB-Converter.app/RGB-Converter";
			};
			name = Debug;
		};
		ABA3258728971B6B000058CB /* Release */ = {
			isa = XCBuildConfiguration;
			buildSettings = {
				ALWAYS_EMBED_SWIFT_STANDARD_LIBRARIES = YES;
				BUNDLE_LOADER = "$(TEST_HOST)";
				CODE_SIGN_STYLE = Automatic;
				CURRENT_PROJECT_VERSION = 1;
				GENERATE_INFOPLIST_FILE = YES;
				IPHONEOS_DEPLOYMENT_TARGET = 15.5;
				MARKETING_VERSION = 1.0;
				PRODUCT_BUNDLE_IDENTIFIER = "asimcanyagiz.RGB-ConverterTests";
				PRODUCT_NAME = "$(TARGET_NAME)";
				SWIFT_EMIT_LOC_STRINGS = NO;
				SWIFT_VERSION = 5.0;
				TARGETED_DEVICE_FAMILY = "1,2";
				TEST_HOST = "$(BUILT_PRODUCTS_DIR)/RGB-Converter.app/RGB-Converter";
			};
			name = Release;
		};
		ABA3258928971B6B000058CB /* Debug */ = {
			isa = XCBuildConfiguration;
			buildSettings = {
				ALWAYS_EMBED_SWIFT_STANDARD_LIBRARIES = YES;
				CODE_SIGN_STYLE = Automatic;
				CURRENT_PROJECT_VERSION = 1;
				GENERATE_INFOPLIST_FILE = YES;
				MARKETING_VERSION = 1.0;
				PRODUCT_BUNDLE_IDENTIFIER = "asimcanyagiz.RGB-ConverterUITests";
				PRODUCT_NAME = "$(TARGET_NAME)";
				SWIFT_EMIT_LOC_STRINGS = NO;
				SWIFT_VERSION = 5.0;
				TARGETED_DEVICE_FAMILY = "1,2";
				TEST_TARGET_NAME = "RGB-Converter";
			};
			name = Debug;
		};
		ABA3258A28971B6B000058CB /* Release */ = {
			isa = XCBuildConfiguration;
			buildSettings = {
				ALWAYS_EMBED_SWIFT_STANDARD_LIBRARIES = YES;
				CODE_SIGN_STYLE = Automatic;
				CURRENT_PROJECT_VERSION = 1;
				GENERATE_INFOPLIST_FILE = YES;
				MARKETING_VERSION = 1.0;
				PRODUCT_BUNDLE_IDENTIFIER = "asimcanyagiz.RGB-ConverterUITests";
				PRODUCT_NAME = "$(TARGET_NAME)";
				SWIFT_EMIT_LOC_STRINGS = NO;
				SWIFT_VERSION = 5.0;
				TARGETED_DEVICE_FAMILY = "1,2";
				TEST_TARGET_NAME = "RGB-Converter";
			};
			name = Release;
		};
/* End XCBuildConfiguration section */

/* Begin XCConfigurationList section */
		ABA3255328971B6A000058CB /* Build configuration list for PBXProject "RGB-Converter" */ = {
			isa = XCConfigurationList;
			buildConfigurations = (
				ABA3258028971B6B000058CB /* Debug */,
				ABA3258128971B6B000058CB /* Release */,
			);
			defaultConfigurationIsVisible = 0;
			defaultConfigurationName = Release;
		};
		ABA3258228971B6B000058CB /* Build configuration list for PBXNativeTarget "RGB-Converter" */ = {
			isa = XCConfigurationList;
			buildConfigurations = (
				ABA3258328971B6B000058CB /* Debug */,
				ABA3258428971B6B000058CB /* Release */,
			);
			defaultConfigurationIsVisible = 0;
			defaultConfigurationName = Release;
		};
		ABA3258528971B6B000058CB /* Build configuration list for PBXNativeTarget "RGB-ConverterTests" */ = {
			isa = XCConfigurationList;
			buildConfigurations = (
				ABA3258628971B6B000058CB /* Debug */,
				ABA3258728971B6B000058CB /* Release */,
			);
			defaultConfigurationIsVisible = 0;
			defaultConfigurationName = Release;
		};
		ABA3258828971B6B000058CB /* Build configuration list for PBXNativeTarget "RGB-ConverterUITests" */ = {
			isa = XCConfigurationList;
			buildConfigurations = (
				ABA3258928971B6B000058CB /* Debug */,
				ABA3258A28971B6B000058CB /* Release */,
			);
			defaultConfigurationIsVisible = 0;
			defaultConfigurationName = Release;
		};
/* End XCConfigurationList section */
	};
	rootObject = ABA3255028971B6A000058CB /* Project object */;
}
